
Microsoft Visual Studio Solution File, Format Version 12.00
Project("{FAE04EC0-301F-11D3-BF4B-00C04F79EFBC}") = "_3DDataType", "_3DDataType\_3DDataType.csproj", "{983854B4-DD12-40EA-BF4C-27C53FCD041A}"
EndProject
Global
	GlobalSection(SolutionConfigurationPlatforms) = preSolution
		Debug|Any CPU = Debug|Any CPU
		Release|Any CPU = Release|Any CPU
	EndGlobalSection
	GlobalSection(ProjectConfigurationPlatforms) = postSolution
		{983854B4-DD12-40EA-BF4C-27C53FCD041A}.Debug|Any CPU.ActiveCfg = Debug|Any CPU
		{983854B4-DD12-40EA-BF4C-27C53FCD041A}.Debug|Any CPU.Build.0 = Debug|Any CPU
		{983854B4-DD12-40EA-BF4C-27C53FCD041A}.Release|Any CPU.ActiveCfg = Release|Any CPU
		{983854B4-DD12-40EA-BF4C-27C53FCD041A}.Release|Any CPU.Build.0 = Release|Any CPU
	EndGlobalSection
EndGlobal
